PODS:
  - MBProgressHUD (1.2.0)
  - MJRefresh (3.5.0)
  - SegementSlide (2.2.3)
  - SnapKit (5.0.1)

DEPENDENCIES:
  - MBProgressHUD
  - MJRefresh
  - SegementSlide (from `./`)
  - SnapKit

SPEC REPOS:
  trunk:
    - MBProgressHUD
    - MJRefresh
    - SnapKit

EXTERNAL SOURCES:
  SegementSlide:
    :path: "./"

SPEC CHECKSUMS:
  MBProgressHUD: 3ee5efcc380f6a79a7cc9b363dd669c5e1ae7406
  MJRefresh: 6afc955813966afb08305477dd7a0d9ad5e79a16
  SegementSlide: 7a35da31eaa87fa0af42cc402395821a0c6835ae
  SnapKit: 97b92857e3df3a0c71833cce143274bf6ef8e5eb

PODFILE CHECKSUM: 5f238afc943014d26abc84d7385bd9a4e9a3228c

COCOAPODS: 1.9.3
