PODS:
  - JXSegmentedView (1.2.7)
  - MBProgressHUD (1.2.0)
  - MJRefresh (3.5.0)
  - SegementSlide (3.0.0)
  - SnapKit (5.0.1)

DEPENDENCIES:
  - JXSegmentedView
  - MBProgressHUD
  - MJRefresh
  - SegementSlide (from `./`)
  - SnapKit

SPEC REPOS:
  trunk:
    - JXSegmentedView
    - MBProgressHUD
    - MJRefresh
    - SnapKit

EXTERNAL SOURCES:
  SegementSlide:
    :path: "./"

SPEC CHECKSUMS:
  JXSegmentedView: eb1cad21f57c2543c00c3e08b8fd3c7ca54f5acd
  MBProgressHUD: 3ee5efcc380f6a79a7cc9b363dd669c5e1ae7406
  MJRefresh: 6afc955813966afb08305477dd7a0d9ad5e79a16
  SegementSlide: ad0a6de50cbcc071da9ec8b0f403a4e75b20ba9a
  SnapKit: 97b92857e3df3a0c71833cce143274bf6ef8e5eb

PODFILE CHECKSUM: 9b4b34f47bab00d35f35b1ffdc5ce19ee897074e

COCOAPODS: 1.9.3
